
Microsoft Visual Studio Solution File, Format Version 12.00
# Visual Studio 2015
Project("{FAE04EC0-301F-11D3-BF4B-00C04F79EFBC}") = "brick_breaker.CSharp.Plugins", "brick_breaker.CSharp.Plugins.csproj", "{93D371DF-6D00-42E8-39D6-730D0568B92F}"
EndProject
Project("{FAE04EC0-301F-11D3-BF4B-00C04F79EFBC}") = "brick_breaker.CSharp", "brick_breaker.CSharp.csproj", "{9C0FF28F-A1B7-0042-8523-8EF6AA3ECCA2}"
EndProject
Project("{FAE04EC0-301F-11D3-BF4B-00C04F79EFBC}") = "brick_breaker.CSharp.Editor.Plugins", "brick_breaker.CSharp.Editor.Plugins.csproj", "{AE1902AA-C968-5AB9-9155-6ED9AB8D8904}"
EndProject
Global
	GlobalSection(SolutionConfigurationPlatforms) = preSolution
		Debug|Any CPU = Debug|Any CPU
		Release|Any CPU = Release|Any CPU
	EndGlobalSection
	GlobalSection(ProjectConfigurationPlatforms) = postSolution
		{93D371DF-6D00-42E8-39D6-730D0568B92F}.Debug|Any CPU.ActiveCfg = Debug|Any CPU
		{93D371DF-6D00-42E8-39D6-730D0568B92F}.Debug|Any CPU.Build.0 = Debug|Any CPU
		{93D371DF-6D00-42E8-39D6-730D0568B92F}.Release|Any CPU.ActiveCfg = Release|Any CPU
		{93D371DF-6D00-42E8-39D6-730D0568B92F}.Release|Any CPU.Build.0 = Release|Any CPU
		{9C0FF28F-A1B7-0042-8523-8EF6AA3ECCA2}.Debug|Any CPU.ActiveCfg = Debug|Any CPU
		{9C0FF28F-A1B7-0042-8523-8EF6AA3ECCA2}.Debug|Any CPU.Build.0 = Debug|Any CPU
		{9C0FF28F-A1B7-0042-8523-8EF6AA3ECCA2}.Release|Any CPU.ActiveCfg = Release|Any CPU
		{9C0FF28F-A1B7-0042-8523-8EF6AA3ECCA2}.Release|Any CPU.Build.0 = Release|Any CPU
		{AE1902AA-C968-5AB9-9155-6ED9AB8D8904}.Debug|Any CPU.ActiveCfg = Debug|Any CPU
		{AE1902AA-C968-5AB9-9155-6ED9AB8D8904}.Debug|Any CPU.Build.0 = Debug|Any CPU
		{AE1902AA-C968-5AB9-9155-6ED9AB8D8904}.Release|Any CPU.ActiveCfg = Release|Any CPU
		{AE1902AA-C968-5AB9-9155-6ED9AB8D8904}.Release|Any CPU.Build.0 = Release|Any CPU
	EndGlobalSection
	GlobalSection(SolutionProperties) = preSolution
		HideSolutionNode = FALSE
	EndGlobalSection
EndGlobal
